
Microsoft Visual Studio Solution File, Format Version 12.00
# Visual Studio Version 16
VisualStudioVersion = 16.0.29102.190
MinimumVisualStudioVersion = 10.0.40219.1
Project("{9A19103F-16F7-4668-BE54-9A1E7A4F7556}") = "MAuthen.Data", "MAuthen.Data\MAuthen.Data.csproj", "{49ECC71F-9596-4276-9452-853FF978CB3B}"
EndProject
Project("{FAE04EC0-301F-11D3-BF4B-00C04F79EFBC}") = "MAuthen.Api", "MAuthen.Api\MAuthen.Api.csproj", "{50E32E79-9874-403D-9A96-F2A6E74EA81E}"
EndProject
Project("{FAE04EC0-301F-11D3-BF4B-00C04F79EFBC}") = "MAuthen.Domain", "MAuthen.Domain\MAuthen.Domain.csproj", "{DAF4D6A9-CCF3-49CA-B3A5-261445BE10A4}"
EndProject
Global
	GlobalSection(SolutionConfigurationPlatforms) = preSolution
		Debug|Any CPU = Debug|Any CPU
		Release|Any CPU = Release|Any CPU
	EndGlobalSection
	GlobalSection(ProjectConfigurationPlatforms) = postSolution
		{49ECC71F-9596-4276-9452-853FF978CB3B}.Debug|Any CPU.ActiveCfg = Debug|Any CPU
		{49ECC71F-9596-4276-9452-853FF978CB3B}.Debug|Any CPU.Build.0 = Debug|Any CPU
		{49ECC71F-9596-4276-9452-853FF978CB3B}.Release|Any CPU.ActiveCfg = Release|Any CPU
		{49ECC71F-9596-4276-9452-853FF978CB3B}.Release|Any CPU.Build.0 = Release|Any CPU
		{50E32E79-9874-403D-9A96-F2A6E74EA81E}.Debug|Any CPU.ActiveCfg = Debug|Any CPU
		{50E32E79-9874-403D-9A96-F2A6E74EA81E}.Debug|Any CPU.Build.0 = Debug|Any CPU
		{50E32E79-9874-403D-9A96-F2A6E74EA81E}.Release|Any CPU.ActiveCfg = Release|Any CPU
		{50E32E79-9874-403D-9A96-F2A6E74EA81E}.Release|Any CPU.Build.0 = Release|Any CPU
		{DAF4D6A9-CCF3-49CA-B3A5-261445BE10A4}.Debug|Any CPU.ActiveCfg = Debug|Any CPU
		{DAF4D6A9-CCF3-49CA-B3A5-261445BE10A4}.Debug|Any CPU.Build.0 = Debug|Any CPU
		{DAF4D6A9-CCF3-49CA-B3A5-261445BE10A4}.Release|Any CPU.ActiveCfg = Release|Any CPU
		{DAF4D6A9-CCF3-49CA-B3A5-261445BE10A4}.Release|Any CPU.Build.0 = Release|Any CPU
	EndGlobalSection
	GlobalSection(SolutionProperties) = preSolution
		HideSolutionNode = FALSE
	EndGlobalSection
	GlobalSection(ExtensibilityGlobals) = postSolution
		SolutionGuid = {2265DA84-43D3-4074-BA4D-64BC570863FD}
	EndGlobalSection
EndGlobal
